
Microsoft Visual Studio Solution File, Format Version 12.00
# Visual Studio Version 17
VisualStudioVersion = 17.9.34728.123
MinimumVisualStudioVersion = 10.0.40219.1
Project("{FAE04EC0-301F-11D3-BF4B-00C04F79EFBC}") = "Calculadora_Forms", "Calculadora_Forms.csproj", "{EAFCEF28-EC07-48FC-9CFB-1833A5ABB537}"
EndProject
Global
	GlobalSection(SolutionConfigurationPlatforms) = preSolution
		Debug|Any CPU = Debug|Any CPU
		Release|Any CPU = Release|Any CPU
	EndGlobalSection
	GlobalSection(ProjectConfigurationPlatforms) = postSolution
		{EAFCEF28-EC07-48FC-9CFB-1833A5ABB537}.Debug|Any CPU.ActiveCfg = Debug|Any CPU
		{EAFCEF28-EC07-48FC-9CFB-1833A5ABB537}.Debug|Any CPU.Build.0 = Debug|Any CPU
		{EAFCEF28-EC07-48FC-9CFB-1833A5ABB537}.Release|Any CPU.ActiveCfg = Release|Any CPU
		{EAFCEF28-EC07-48FC-9CFB-1833A5ABB537}.Release|Any CPU.Build.0 = Release|Any CPU
	EndGlobalSection
	GlobalSection(SolutionProperties) = preSolution
		HideSolutionNode = FALSE
	EndGlobalSection
	GlobalSection(ExtensibilityGlobals) = postSolution
		SolutionGuid = {F25FB1DF-3D90-42E3-926D-310E396457F7}
	EndGlobalSection
EndGlobal
